hash: e9e61db8a41a9f2e9c8352743d76696a35ff53815a93adfa9d8e49aa5d93ff84
updated: 2017-12-17T19:48:06.320591821-06:00
imports:
- name: github.com/CaliDog/certstream-go
  version: 79eec0664246f1668ae85469616757084415b4cb
- name: github.com/joeguo/tldextract
  version: 98a8d4207a01c2990a1648bc2b2683f9725241cf
- name: github.com/miekg/dns
  version: 9271f6595be6734763aaf4b7923f8f1b7a6cc559
- name: github.com/Sirupsen/logrus
  version: d682213848ed68c0a260ca37d6dd5ace8423f5ba
- name: github.com/Workiva/go-datastructures
  version: 9937fb49a4885795838b31eef9cc237820f0dcff
  subpackages:
  - queue
- name: golang.org/x/net
  version: d866cfc389cec985d6fda2859936a575a55a3ab6
  subpackages:
  - idna
testImports: []
